
Microsoft Visual Studio Solution File, Format Version 12.00
# Visual Studio Version 16
VisualStudioVersion = 16.0.32002.261
MinimumVisualStudioVersion = 10.0.40219.1
Project("{FAE04EC0-301F-11D3-BF4B-00C04F79EFBC}") = "FlightChessClient", "FlightChessClient.csproj", "{56492DA8-DEF4-4961-BE40-DB46E8771A56}"
EndProject
Global
	GlobalSection(SolutionConfigurationPlatforms) = preSolution
		Debug|Any CPU = Debug|Any CPU
		Release|Any CPU = Release|Any CPU
	EndGlobalSection
	GlobalSection(ProjectConfigurationPlatforms) = postSolution
		{56492DA8-DEF4-4961-BE40-DB46E8771A56}.Debug|Any CPU.ActiveCfg = Debug|Any CPU
		{56492DA8-DEF4-4961-BE40-DB46E8771A56}.Debug|Any CPU.Build.0 = Debug|Any CPU
		{56492DA8-DEF4-4961-BE40-DB46E8771A56}.Release|Any CPU.ActiveCfg = Release|Any CPU
		{56492DA8-DEF4-4961-BE40-DB46E8771A56}.Release|Any CPU.Build.0 = Release|Any CPU
	EndGlobalSection
	GlobalSection(SolutionProperties) = preSolution
		HideSolutionNode = FALSE
	EndGlobalSection
	GlobalSection(ExtensibilityGlobals) = postSolution
		SolutionGuid = {572D3DAF-3179-43BE-B1CA-DD006A6AABD6}
	EndGlobalSection
EndGlobal
